
Microsoft Visual Studio Solution File, Format Version 12.00
# Visual Studio Version 17
VisualStudioVersion = 17.5.33424.131
MinimumVisualStudioVersion = 10.0.40219.1
Project("{FAE04EC0-301F-11D3-BF4B-00C04F79EFBC}") = "HomeWork1", "HomeWork1\HomeWork1.csproj", "{B4B757D4-A390-4CD8-BF59-8AB256627C3A}"
EndProject
Global
	GlobalSection(SolutionConfigurationPlatforms) = preSolution
		Debug|Any CPU = Debug|Any CPU
		Release|Any CPU = Release|Any CPU
	EndGlobalSection
	GlobalSection(ProjectConfigurationPlatforms) = postSolution
		{B4B757D4-A390-4CD8-BF59-8AB256627C3A}.Debug|Any CPU.ActiveCfg = Debug|Any CPU
		{B4B757D4-A390-4CD8-BF59-8AB256627C3A}.Debug|Any CPU.Build.0 = Debug|Any CPU
		{B4B757D4-A390-4CD8-BF59-8AB256627C3A}.Release|Any CPU.ActiveCfg = Release|Any CPU
		{B4B757D4-A390-4CD8-BF59-8AB256627C3A}.Release|Any CPU.Build.0 = Release|Any CPU
	EndGlobalSection
	GlobalSection(SolutionProperties) = preSolution
		HideSolutionNode = FALSE
	EndGlobalSection
	GlobalSection(ExtensibilityGlobals) = postSolution
		SolutionGuid = {EAB82383-2465-48D5-A68B-5BA0D663C070}
	EndGlobalSection
EndGlobal
